
Microsoft Visual Studio Solution File, Format Version 12.00
# Visual Studio Version 16
VisualStudioVersion = 16.0.32228.343
MinimumVisualStudioVersion = 10.0.40219.1
Project("{FAE04EC0-301F-11D3-BF4B-00C04F79EFBC}") = "BrickStore", "BrickStore\BrickStore.csproj", "{45056C3A-9B46-4F78-86AD-F1DCFCB1CB43}"
EndProject
Global
	GlobalSection(SolutionConfigurationPlatforms) = preSolution
		Debug|Any CPU = Debug|Any CPU
		Release|Any CPU = Release|Any CPU
	EndGlobalSection
	GlobalSection(ProjectConfigurationPlatforms) = postSolution
		{45056C3A-9B46-4F78-86AD-F1DCFCB1CB43}.Debug|Any CPU.ActiveCfg = Debug|Any CPU
		{45056C3A-9B46-4F78-86AD-F1DCFCB1CB43}.Debug|Any CPU.Build.0 = Debug|Any CPU
		{45056C3A-9B46-4F78-86AD-F1DCFCB1CB43}.Release|Any CPU.ActiveCfg = Release|Any CPU
		{45056C3A-9B46-4F78-86AD-F1DCFCB1CB43}.Release|Any CPU.Build.0 = Release|Any CPU
	EndGlobalSection
	GlobalSection(SolutionProperties) = preSolution
		HideSolutionNode = FALSE
	EndGlobalSection
	GlobalSection(ExtensibilityGlobals) = postSolution
		SolutionGuid = {1B230CCC-4178-4C4A-92E7-7A99652A0268}
	EndGlobalSection
EndGlobal
